
Microsoft Visual Studio Solution File, Format Version 12.00
# Visual Studio Version 16
VisualStudioVersion = 16.0.30204.135
MinimumVisualStudioVersion = 10.0.40219.1
Project("{9A19103F-16F7-4668-BE54-9A1E7A4F7556}") = "UI", "NursultanBusSystem\UI.csproj", "{FC40777E-053B-47DC-ABA2-180DA938E0F4}"
EndProject
Project("{9A19103F-16F7-4668-BE54-9A1E7A4F7556}") = "Models", "Models\Models.csproj", "{802FA992-4E15-4A34-8D2E-A57E78BFC574}"
EndProject
Project("{9A19103F-16F7-4668-BE54-9A1E7A4F7556}") = "Services", "Services\Services.csproj", "{049CF3BA-047C-4FD5-8101-89B2480ED444}"
EndProject
Global
	GlobalSection(SolutionConfigurationPlatforms) = preSolution
		Debug|Any CPU = Debug|Any CPU
		Release|Any CPU = Release|Any CPU
	EndGlobalSection
	GlobalSection(ProjectConfigurationPlatforms) = postSolution
		{FC40777E-053B-47DC-ABA2-180DA938E0F4}.Debug|Any CPU.ActiveCfg = Debug|Any CPU
		{FC40777E-053B-47DC-ABA2-180DA938E0F4}.Debug|Any CPU.Build.0 = Debug|Any CPU
		{FC40777E-053B-47DC-ABA2-180DA938E0F4}.Release|Any CPU.ActiveCfg = Release|Any CPU
		{FC40777E-053B-47DC-ABA2-180DA938E0F4}.Release|Any CPU.Build.0 = Release|Any CPU
		{802FA992-4E15-4A34-8D2E-A57E78BFC574}.Debug|Any CPU.ActiveCfg = Debug|Any CPU
		{802FA992-4E15-4A34-8D2E-A57E78BFC574}.Debug|Any CPU.Build.0 = Debug|Any CPU
		{802FA992-4E15-4A34-8D2E-A57E78BFC574}.Release|Any CPU.ActiveCfg = Release|Any CPU
		{802FA992-4E15-4A34-8D2E-A57E78BFC574}.Release|Any CPU.Build.0 = Release|Any CPU
		{049CF3BA-047C-4FD5-8101-89B2480ED444}.Debug|Any CPU.ActiveCfg = Debug|Any CPU
		{049CF3BA-047C-4FD5-8101-89B2480ED444}.Debug|Any CPU.Build.0 = Debug|Any CPU
		{049CF3BA-047C-4FD5-8101-89B2480ED444}.Release|Any CPU.ActiveCfg = Release|Any CPU
		{049CF3BA-047C-4FD5-8101-89B2480ED444}.Release|Any CPU.Build.0 = Release|Any CPU
	EndGlobalSection
	GlobalSection(SolutionProperties) = preSolution
		HideSolutionNode = FALSE
	EndGlobalSection
	GlobalSection(ExtensibilityGlobals) = postSolution
		SolutionGuid = {C9CC7487-B891-4951-AEF7-7F8540D1BFAA}
	EndGlobalSection
EndGlobal
